// !$*UTF8*$!
{
	archiveVersion = 1;
	classes = {
	};
	objectVersion = 77;
	objects = {

/* Begin PBXBuildFile section */
		15379F612DE5F8880004845A /* GoogleService-Info.plist in Resources */ = {isa = PBXBuildFile; fileRef = 15379F602DE5F8880004845A /* GoogleService-Info.plist */; };
		15379F632DE5FBEC0004845A /* FirebaseAnalytics in Frameworks */ = {isa = PBXBuildFile; productRef = 15379F622DE5FBEC0004845A /* FirebaseAnalytics */; };
		15379F652DE5FBEC0004845A /* FirebaseAppCheck in Frameworks */ = {isa = PBXBuildFile; productRef = 15379F642DE5FBEC0004845A /* FirebaseAppCheck */; };
		15379F672DE5FBEC0004845A /* FirebaseAuth in Frameworks */ = {isa = PBXBuildFile; productRef = 15379F662DE5FBEC0004845A /* FirebaseAuth */; };
		15379F692DE5FBEC0004845A /* FirebaseCore in Frameworks */ = {isa = PBXBuildFile; productRef = 15379F682DE5FBEC0004845A /* FirebaseCore */; };
		15379F6B2DE5FBEC0004845A /* FirebaseCrashlytics in Frameworks */ = {isa = PBXBuildFile; productRef = 15379F6A2DE5FBEC0004845A /* FirebaseCrashlytics */; };
		15379F6D2DE5FBEC0004845A /* FirebaseDatabase in Frameworks */ = {isa = PBXBuildFile; productRef = 15379F6C2DE5FBEC0004845A /* FirebaseDatabase */; };
		15379F6F2DE5FBEC0004845A /* FirebaseDynamicLinks in Frameworks */ = {isa = PBXBuildFile; productRef = 15379F6E2DE5FBEC0004845A /* FirebaseDynamicLinks */; };
		15379F712DE5FBEC0004845A /* FirebaseFirestore in Frameworks */ = {isa = PBXBuildFile; productRef = 15379F702DE5FBEC0004845A /* FirebaseFirestore */; };
		15379F732DE5FBEC0004845A /* FirebaseFirestoreCombine-Community in Frameworks */ = {isa = PBXBuildFile; productRef = 15379F722DE5FBEC0004845A /* FirebaseFirestoreCombine-Community */; };
		15379F752DE5FBEC0004845A /* FirebaseFunctions in Frameworks */ = {isa = PBXBuildFile; productRef = 15379F742DE5FBEC0004845A /* FirebaseFunctions */; };
		15379F772DE5FBEC0004845A /* FirebaseFunctionsCombine-Community in Frameworks */ = {isa = PBXBuildFile; productRef = 15379F762DE5FBEC0004845A /* FirebaseFunctionsCombine-Community */; };
		15379F792DE5FBEC0004845A /* FirebaseStorage in Frameworks */ = {isa = PBXBuildFile; productRef = 15379F782DE5FBEC0004845A /* FirebaseStorage */; };
		15379F7B2DE5FBEC0004845A /* FirebaseStorageCombine-Community in Frameworks */ = {isa = PBXBuildFile; productRef = 15379F7A2DE5FBEC0004845A /* FirebaseStorageCombine-Community */; };
		15CC0C6B2DDDE542005D646D /* Alamofire in Frameworks */ = {isa = PBXBuildFile; productRef = 15CC0C6A2DDDE542005D646D /* Alamofire */; };
		15CC0D932DDF3872005D646D /* SwiftKeychainWrapper in Frameworks */ = {isa = PBXBuildFile; productRef = 15CC0D922DDF3872005D646D /* SwiftKeychainWrapper */; };
/* End PBXBuildFile section */

/* Begin PBXContainerItemProxy section */
		15CC0C332DDDE020005D646D /* PBXContainerItemProxy */ = {
			isa = PBXContainerItemProxy;
			containerPortal = 15CC0C1C2DDDE01F005D646D /* Project object */;
			proxyType = 1;
			remoteGlobalIDString = 15CC0C232DDDE020005D646D;
			remoteInfo = Beuty;
		};
		15CC0C3D2DDDE020005D646D /* PBXContainerItemProxy */ = {
			isa = PBXContainerItemProxy;
			containerPortal = 15CC0C1C2DDDE01F005D646D /* Project object */;
			proxyType = 1;
			remoteGlobalIDString = 15CC0C232DDDE020005D646D;
			remoteInfo = Beuty;
		};
/* End PBXContainerItemProxy section */

/* Begin PBXFileReference section */
		15379F602DE5F8880004845A /* GoogleService-Info.plist */ = {isa = PBXFileReference; lastKnownFileType = text.plist.xml; path = "GoogleService-Info.plist"; sourceTree = "<group>"; };
		15CC0C242DDDE020005D646D /* Beuty.app */ = {isa = PBXFileReference; explicitFileType = wrapper.application; includeInIndex = 0; path = Beuty.app; sourceTree = BUILT_PRODUCTS_DIR; };
		15CC0C322DDDE020005D646D /* BeutyTests.xctest */ = {isa = PBXFileReference; explicitFileType = wrapper.cfbundle; includeInIndex = 0; path = BeutyTests.xctest; sourceTree = BUILT_PRODUCTS_DIR; };
		15CC0C3C2DDDE020005D646D /* BeutyUITests.xctest */ = {isa = PBXFileReference; explicitFileType = wrapper.cfbundle; includeInIndex = 0; path = BeutyUITests.xctest; sourceTree = BUILT_PRODUCTS_DIR; };
/* End PBXFileReference section */

/* Begin PBXFileSystemSynchronizedBuildFileExceptionSet section */
		15379EDD2DE5C0AA0004845A /* Exceptions for "Beuty" folder in "Beuty" target */ = {
			isa = PBXFileSystemSynchronizedBuildFileExceptionSet;
			membershipExceptions = (
				Info.plist,
			);
			target = 15CC0C232DDDE020005D646D /* Beuty */;
		};
/* End PBXFileSystemSynchronizedBuildFileExceptionSet section */

/* Begin PBXFileSystemSynchronizedRootGroup section */
		15CC0C262DDDE020005D646D /* Beuty */ = {
			isa = PBXFileSystemSynchronizedRootGroup;
			exceptions = (
				15379EDD2DE5C0AA0004845A /* Exceptions for "Beuty" folder in "Beuty" target */,
			);
			path = Beuty;
			sourceTree = "<group>";
		};
		15CC0C352DDDE020005D646D /* BeutyTests */ = {
			isa = PBXFileSystemSynchronizedRootGroup;
			path = BeutyTests;
			sourceTree = "<group>";
		};
		15CC0C3F2DDDE020005D646D /* BeutyUITests */ = {
			isa = PBXFileSystemSynchronizedRootGroup;
			path = BeutyUITests;
			sourceTree = "<group>";
		};
/* End PBXFileSystemSynchronizedRootGroup section */

/* Begin PBXFrameworksBuildPhase section */
		15CC0C212DDDE020005D646D /* Frameworks */ = {
			isa = PBXFrameworksBuildPhase;
			buildActionMask = 2147483647;
			files = (
				15379F652DE5FBEC0004845A /* FirebaseAppCheck in Frameworks */,
				15379F672DE5FBEC0004845A /* FirebaseAuth in Frameworks */,
				15CC0D932DDF3872005D646D /* SwiftKeychainWrapper in Frameworks */,
				15379F752DE5FBEC0004845A /* FirebaseFunctions in Frameworks */,
				15379F712DE5FBEC0004845A /* FirebaseFirestore in Frameworks */,
				15379F6B2DE5FBEC0004845A /* FirebaseCrashlytics in Frameworks */,
				15379F732DE5FBEC0004845A /* FirebaseFirestoreCombine-Community in Frameworks */,
				15379F7B2DE5FBEC0004845A /* FirebaseStorageCombine-Community in Frameworks */,
				15CC0C6B2DDDE542005D646D /* Alamofire in Frameworks */,
				15379F772DE5FBEC0004845A /* FirebaseFunctionsCombine-Community in Frameworks */,
				15379F6F2DE5FBEC0004845A /* FirebaseDynamicLinks in Frameworks */,
				15379F692DE5FBEC0004845A /* FirebaseCore in Frameworks */,
				15379F792DE5FBEC0004845A /* FirebaseStorage in Frameworks */,
				15379F6D2DE5FBEC0004845A /* FirebaseDatabase in Frameworks */,
				15379F632DE5FBEC0004845A /* FirebaseAnalytics in Frameworks */,
			);
			runOnlyForDeploymentPostprocessing = 0;
		};
		15CC0C2F2DDDE020005D646D /* Frameworks */ = {
			isa = PBXFrameworksBuildPhase;
			buildActionMask = 2147483647;
			files = (
			);
			runOnlyForDeploymentPostprocessing = 0;
		};
		15CC0C392DDDE020005D646D /* Frameworks */ = {
			isa = PBXFrameworksBuildPhase;
			buildActionMask = 2147483647;
			files = (
			);
			runOnlyForDeploymentPostprocessing = 0;
		};
/* End PBXFrameworksBuildPhase section */

/* Begin PBXGroup section */
		15CC0C1B2DDDE01F005D646D = {
			isa = PBXGroup;
			children = (
				15379F602DE5F8880004845A /* GoogleService-Info.plist */,
				15CC0C262DDDE020005D646D /* Beuty */,
				15CC0C352DDDE020005D646D /* BeutyTests */,
				15CC0C3F2DDDE020005D646D /* BeutyUITests */,
				15CC0C692DDDE542005D646D /* Frameworks */,
				15CC0C252DDDE020005D646D /* Products */,
			);
			sourceTree = "<group>";
		};
		15CC0C252DDDE020005D646D /* Products */ = {
			isa = PBXGroup;
			children = (
				15CC0C242DDDE020005D646D /* Beuty.app */,
				15CC0C322DDDE020005D646D /* BeutyTests.xctest */,
				15CC0C3C2DDDE020005D646D /* BeutyUITests.xctest */,
			);
			name = Products;
			sourceTree = "<group>";
		};
		15CC0C692DDDE542005D646D /* Frameworks */ = {
			isa = PBXGroup;
			children = (
			);
			name = Frameworks;
			sourceTree = "<group>";
		};
/* End PBXGroup section */

/* Begin PBXNativeTarget section */
		15CC0C232DDDE020005D646D /* Beuty */ = {
			isa = PBXNativeTarget;
			buildConfigurationList = 15CC0C462DDDE020005D646D /* Build configuration list for PBXNativeTarget "Beuty" */;
			buildPhases = (
				15CC0C202DDDE020005D646D /* Sources */,
				15CC0C212DDDE020005D646D /* Frameworks */,
				15CC0C222DDDE020005D646D /* Resources */,
			);
			buildRules = (
			);
			dependencies = (
			);
			fileSystemSynchronizedGroups = (
				15CC0C262DDDE020005D646D /* Beuty */,
			);
			name = Beuty;
			packageProductDependencies = (
				15CC0C6A2DDDE542005D646D /* Alamofire */,
				15CC0D922DDF3872005D646D /* SwiftKeychainWrapper */,
				15379F622DE5FBEC0004845A /* FirebaseAnalytics */,
				15379F642DE5FBEC0004845A /* FirebaseAppCheck */,
				15379F662DE5FBEC0004845A /* FirebaseAuth */,
				15379F682DE5FBEC0004845A /* FirebaseCore */,
				15379F6A2DE5FBEC0004845A /* FirebaseCrashlytics */,
				15379F6C2DE5FBEC0004845A /* FirebaseDatabase */,
				15379F6E2DE5FBEC0004845A /* FirebaseDynamicLinks */,
				15379F702DE5FBEC0004845A /* FirebaseFirestore */,
				15379F722DE5FBEC0004845A /* FirebaseFirestoreCombine-Community */,
				15379F742DE5FBEC0004845A /* FirebaseFunctions */,
				15379F762DE5FBEC0004845A /* FirebaseFunctionsCombine-Community */,
				15379F782DE5FBEC0004845A /* FirebaseStorage */,
				15379F7A2DE5FBEC0004845A /* FirebaseStorageCombine-Community */,
			);
			productName = Beuty;
			productReference = 15CC0C242DDDE020005D646D /* Beuty.app */;
			productType = "com.apple.product-type.application";
		};
		15CC0C312DDDE020005D646D /* BeutyTests */ = {
			isa = PBXNativeTarget;
			buildConfigurationList = 15CC0C492DDDE020005D646D /* Build configuration list for PBXNativeTarget "BeutyTests" */;
			buildPhases = (
				15CC0C2E2DDDE020005D646D /* Sources */,
				15CC0C2F2DDDE020005D646D /* Frameworks */,
				15CC0C302DDDE020005D646D /* Resources */,
			);
			buildRules = (
			);
			dependencies = (
				15CC0C342DDDE020005D646D /* PBXTargetDependency */,
			);
			fileSystemSynchronizedGroups = (
				15CC0C352DDDE020005D646D /* BeutyTests */,
			);
			name = BeutyTests;
			packageProductDependencies = (
			);
			productName = BeutyTests;
			productReference = 15CC0C322DDDE020005D646D /* BeutyTests.xctest */;
			productType = "com.apple.product-type.bundle.unit-test";
		};
		15CC0C3B2DDDE020005D646D /* BeutyUITests */ = {
			isa = PBXNativeTarget;
			buildConfigurationList = 15CC0C4C2DDDE020005D646D /* Build configuration list for PBXNativeTarget "BeutyUITests" */;
			buildPhases = (
				15CC0C382DDDE020005D646D /* Sources */,
				15CC0C392DDDE020005D646D /* Frameworks */,
				15CC0C3A2DDDE020005D646D /* Resources */,
			);
			buildRules = (
			);
			dependencies = (
				15CC0C3E2DDDE020005D646D /* PBXTargetDependency */,
			);
			fileSystemSynchronizedGroups = (
				15CC0C3F2DDDE020005D646D /* BeutyUITests */,
			);
			name = BeutyUITests;
			packageProductDependencies = (
			);
			productName = BeutyUITests;
			productReference = 15CC0C3C2DDDE020005D646D /* BeutyUITests.xctest */;
			productType = "com.apple.product-type.bundle.ui-testing";
		};
/* End PBXNativeTarget section */

/* Begin PBXProject section */
		15CC0C1C2DDDE01F005D646D /* Project object */ = {
			isa = PBXProject;
			attributes = {
				BuildIndependentTargetsInParallel = 1;
				LastSwiftUpdateCheck = 1630;
				LastUpgradeCheck = 1630;
				TargetAttributes = {
					15CC0C232DDDE020005D646D = {
						CreatedOnToolsVersion = 16.3;
					};
					15CC0C312DDDE020005D646D = {
						CreatedOnToolsVersion = 16.3;
						TestTargetID = 15CC0C232DDDE020005D646D;
					};
					15CC0C3B2DDDE020005D646D = {
						CreatedOnToolsVersion = 16.3;
						TestTargetID = 15CC0C232DDDE020005D646D;
					};
				};
			};
			buildConfigurationList = 15CC0C1F2DDDE01F005D646D /* Build configuration list for PBXProject "Beuty" */;
			developmentRegion = en;
			hasScannedForEncodings = 0;
			knownRegions = (
				en,
				Base,
			);
			mainGroup = 15CC0C1B2DDDE01F005D646D;
			minimizedProjectReferenceProxies = 1;
			packageReferences = (
				15CC0C682DDDE536005D646D /* XCRemoteSwiftPackageReference "Alamofire" */,
				15CC0D912DDF3865005D646D /* XCRemoteSwiftPackageReference "SwiftKeychainWrapper" */,
				15379F1B2DE5D9280004845A /* XCRemoteSwiftPackageReference "firebase-ios-sdk" */,
			);
			preferredProjectObjectVersion = 77;
			productRefGroup = 15CC0C252DDDE020005D646D /* Products */;
			projectDirPath = "";
			projectRoot = "";
			targets = (
				15CC0C232DDDE020005D646D /* Beuty */,
				15CC0C312DDDE020005D646D /* BeutyTests */,
				15CC0C3B2DDDE020005D646D /* BeutyUITests */,
			);
		};
/* End PBXProject section */

/* Begin PBXResourcesBuildPhase section */
		15CC0C222DDDE020005D646D /* Resources */ = {
			isa = PBXResourcesBuildPhase;
			buildActionMask = 2147483647;
			files = (
				15379F612DE5F8880004845A /* GoogleService-Info.plist in Resources */,
			);
			runOnlyForDeploymentPostprocessing = 0;
		};
		15CC0C302DDDE020005D646D /* Resources */ = {
			isa = PBXResourcesBuildPhase;
			buildActionMask = 2147483647;
			files = (
			);
			runOnlyForDeploymentPostprocessing = 0;
		};
		15CC0C3A2DDDE020005D646D /* Resources */ = {
			isa = PBXResourcesBuildPhase;
			buildActionMask = 2147483647;
			files = (
			);
			runOnlyForDeploymentPostprocessing = 0;
		};
/* End PBXResourcesBuildPhase section */

/* Begin PBXSourcesBuildPhase section */
		15CC0C202DDDE020005D646D /* Sources */ = {
			isa = PBXSourcesBuildPhase;
			buildActionMask = 2147483647;
			files = (
			);
			runOnlyForDeploymentPostprocessing = 0;
		};
		15CC0C2E2DDDE020005D646D /* Sources */ = {
			isa = PBXSourcesBuildPhase;
			buildActionMask = 2147483647;
			files = (
			);
			runOnlyForDeploymentPostprocessing = 0;
		};
		15CC0C382DDDE020005D646D /* Sources */ = {
			isa = PBXSourcesBuildPhase;
			buildActionMask = 2147483647;
			files = (
			);
			runOnlyForDeploymentPostprocessing = 0;
		};
/* End PBXSourcesBuildPhase section */

/* Begin PBXTargetDependency section */
		15CC0C342DDDE020005D646D /* PBXTargetDependency */ = {
			isa = PBXTargetDependency;
			target = 15CC0C232DDDE020005D646D /* Beuty */;
			targetProxy = 15CC0C332DDDE020005D646D /* PBXContainerItemProxy */;
		};
		15CC0C3E2DDDE020005D646D /* PBXTargetDependency */ = {
			isa = PBXTargetDependency;
			target = 15CC0C232DDDE020005D646D /* Beuty */;
			targetProxy = 15CC0C3D2DDDE020005D646D /* PBXContainerItemProxy */;
		};
/* End PBXTargetDependency section */

/* Begin XCBuildConfiguration section */
		15CC0C442DDDE020005D646D /* Debug */ = {
			isa = XCBuildConfiguration;
			buildSettings = {
				ALWAYS_SEARCH_USER_PATHS = NO;
				ASSETCATALOG_COMPILER_GENERATE_SWIFT_ASSET_SYMBOL_EXTENSIONS = YES;
				CLANG_ANALYZER_NONNULL = YES;
				CLANG_ANALYZER_NUMBER_OBJECT_CONVERSION = YES_AGGRESSIVE;
				CLANG_CXX_LANGUAGE_STANDARD = "gnu++20";
				CLANG_ENABLE_MODULES = YES;
				CLANG_ENABLE_OBJC_ARC = YES;
				CLANG_ENABLE_OBJC_WEAK = YES;
				CLANG_WARN_BLOCK_CAPTURE_AUTORELEASING = YES;
				CLANG_WARN_BOOL_CONVERSION = YES;
				CLANG_WARN_COMMA = YES;
				CLANG_WARN_CONSTANT_CONVERSION = YES;
				CLANG_WARN_DEPRECATED_OBJC_IMPLEMENTATIONS = YES;
				CLANG_WARN_DIRECT_OBJC_ISA_USAGE = YES_ERROR;
				CLANG_WARN_DOCUMENTATION_COMMENTS = YES;
				CLANG_WARN_EMPTY_BODY = YES;
				CLANG_WARN_ENUM_CONVERSION = YES;
				CLANG_WARN_INFINITE_RECURSION = YES;
				CLANG_WARN_INT_CONVERSION = YES;
				CLANG_WARN_NON_LITERAL_NULL_CONVERSION = YES;
				CLANG_WARN_OBJC_IMPLICIT_RETAIN_SELF = YES;
				CLANG_WARN_OBJC_LITERAL_CONVERSION = YES;
				CLANG_WARN_OBJC_ROOT_CLASS = YES_ERROR;
				CLANG_WARN_QUOTED_INCLUDE_IN_FRAMEWORK_HEADER = YES;
				CLANG_WARN_RANGE_LOOP_ANALYSIS = YES;
				CLANG_WARN_STRICT_PROTOTYPES = YES;
				CLANG_WARN_SUSPICIOUS_MOVE = YES;
				CLANG_WARN_UNGUARDED_AVAILABILITY = YES_AGGRESSIVE;
				CLANG_WARN_UNREACHABLE_CODE = YES;
				CLANG_WARN__DUPLICATE_METHOD_MATCH = YES;
				COPY_PHASE_STRIP = NO;
				DEBUG_INFORMATION_FORMAT = dwarf;
				ENABLE_STRICT_OBJC_MSGSEND = YES;
				ENABLE_TESTABILITY = YES;
				ENABLE_USER_SCRIPT_SANDBOXING = YES;
				GCC_C_LANGUAGE_STANDARD = gnu17;
				GCC_DYNAMIC_NO_PIC = NO;
				GCC_NO_COMMON_BLOCKS = YES;
				GCC_OPTIMIZATION_LEVEL = 0;
				GCC_PREPROCESSOR_DEFINITIONS = (
					"DEBUG=1",
					"$(inherited)",
				);
				GCC_WARN_64_TO_32_BIT_CONVERSION = YES;
				GCC_WARN_ABOUT_RETURN_TYPE = YES_ERROR;
				GCC_WARN_UNDECLARED_SELECTOR = YES;
				GCC_WARN_UNINITIALIZED_AUTOS = YES_AGGRESSIVE;
				GCC_WARN_UNUSED_FUNCTION = YES;
				GCC_WARN_UNUSED_VARIABLE = YES;
				LOCALIZATION_PREFERS_STRING_CATALOGS = YES;
				MTL_ENABLE_DEBUG_INFO = INCLUDE_SOURCE;
				MTL_FAST_MATH = YES;
				ONLY_ACTIVE_ARCH = YES;
				SWIFT_ACTIVE_COMPILATION_CONDITIONS = "DEBUG $(inherited)";
				SWIFT_OPTIMIZATION_LEVEL = "-Onone";
			};
			name = Debug;
		};
		15CC0C452DDDE020005D646D /* Release */ = {
			isa = XCBuildConfiguration;
			buildSettings = {
				ALWAYS_SEARCH_USER_PATHS = NO;
				ASSETCATALOG_COMPILER_GENERATE_SWIFT_ASSET_SYMBOL_EXTENSIONS = YES;
				CLANG_ANALYZER_NONNULL = YES;
				CLANG_ANALYZER_NUMBER_OBJECT_CONVERSION = YES_AGGRESSIVE;
				CLANG_CXX_LANGUAGE_STANDARD = "gnu++20";
				CLANG_ENABLE_MODULES = YES;
				CLANG_ENABLE_OBJC_ARC = YES;
				CLANG_ENABLE_OBJC_WEAK = YES;
				CLANG_WARN_BLOCK_CAPTURE_AUTORELEASING = YES;
				CLANG_WARN_BOOL_CONVERSION = YES;
				CLANG_WARN_COMMA = YES;
				CLANG_WARN_CONSTANT_CONVERSION = YES;
				CLANG_WARN_DEPRECATED_OBJC_IMPLEMENTATIONS = YES;
				CLANG_WARN_DIRECT_OBJC_ISA_USAGE = YES_ERROR;
				CLANG_WARN_DOCUMENTATION_COMMENTS = YES;
				CLANG_WARN_EMPTY_BODY = YES;
				CLANG_WARN_ENUM_CONVERSION = YES;
				CLANG_WARN_INFINITE_RECURSION = YES;
				CLANG_WARN_INT_CONVERSION = YES;
				CLANG_WARN_NON_LITERAL_NULL_CONVERSION = YES;
				CLANG_WARN_OBJC_IMPLICIT_RETAIN_SELF = YES;
				CLANG_WARN_OBJC_LITERAL_CONVERSION = YES;
				CLANG_WARN_OBJC_ROOT_CLASS = YES_ERROR;
				CLANG_WARN_QUOTED_INCLUDE_IN_FRAMEWORK_HEADER = YES;
				CLANG_WARN_RANGE_LOOP_ANALYSIS = YES;
				CLANG_WARN_STRICT_PROTOTYPES = YES;
				CLANG_WARN_SUSPICIOUS_MOVE = YES;
				CLANG_WARN_UNGUARDED_AVAILABILITY = YES_AGGRESSIVE;
				CLANG_WARN_UNREACHABLE_CODE = YES;
				CLANG_WARN__DUPLICATE_METHOD_MATCH = YES;
				COPY_PHASE_STRIP = NO;
				DEBUG_INFORMATION_FORMAT = "dwarf-with-dsym";
				ENABLE_NS_ASSERTIONS = NO;
				ENABLE_STRICT_OBJC_MSGSEND = YES;
				ENABLE_USER_SCRIPT_SANDBOXING = YES;
				GCC_C_LANGUAGE_STANDARD = gnu17;
				GCC_NO_COMMON_BLOCKS = YES;
				GCC_WARN_64_TO_32_BIT_CONVERSION = YES;
				GCC_WARN_ABOUT_RETURN_TYPE = YES_ERROR;
				GCC_WARN_UNDECLARED_SELECTOR = YES;
				GCC_WARN_UNINITIALIZED_AUTOS = YES_AGGRESSIVE;
				GCC_WARN_UNUSED_FUNCTION = YES;
				GCC_WARN_UNUSED_VARIABLE = YES;
				LOCALIZATION_PREFERS_STRING_CATALOGS = YES;
				MTL_ENABLE_DEBUG_INFO = NO;
				MTL_FAST_MATH = YES;
				SWIFT_COMPILATION_MODE = wholemodule;
			};
			name = Release;
		};
		15CC0C472DDDE020005D646D /* Debug */ = {
			isa = XCBuildConfiguration;
			buildSettings = {
				ASSETCATALOG_COMPILER_APPICON_NAME = AppIcon;
				ASSETCATALOG_COMPILER_GLOBAL_ACCENT_COLOR_NAME = AccentColor;
				CODE_SIGN_ENTITLEMENTS = Beuty/Beuty.entitlements;
				CODE_SIGN_STYLE = Automatic;
				CURRENT_PROJECT_VERSION = 1;
				ENABLE_PREVIEWS = YES;
				GENERATE_INFOPLIST_FILE = YES;
				INFOPLIST_FILE = Beuty/Info.plist;
				"INFOPLIST_KEY_UIApplicationSceneManifest_Generation[sdk=iphoneos*]" = YES;
				"INFOPLIST_KEY_UIApplicationSceneManifest_Generation[sdk=iphonesimulator*]" = YES;
				"INFOPLIST_KEY_UIApplicationSupportsIndirectInputEvents[sdk=iphoneos*]" = YES;
				"INFOPLIST_KEY_UIApplicationSupportsIndirectInputEvents[sdk=iphonesimulator*]" = YES;
				"INFOPLIST_KEY_UILaunchScreen_Generation[sdk=iphoneos*]" = YES;
				"INFOPLIST_KEY_UILaunchScreen_Generation[sdk=iphonesimulator*]" = YES;
				"INFOPLIST_KEY_UIStatusBarStyle[sdk=iphoneos*]" = UIStatusBarStyleDefault;
				"INFOPLIST_KEY_UIStatusBarStyle[sdk=iphonesimulator*]" = UIStatusBarStyleDefault;
				INFOPLIST_KEY_UISupportedInterfaceOrientations_iPad = "UIInterfaceOrientationPortrait UIInterfaceOrientationPortraitUpsideDown UIInterfaceOrientationLandscapeLeft UIInterfaceOrientationLandscapeRight";
				INFOPLIST_KEY_UISupportedInterfaceOrientations_iPhone = "UIInterfaceOrientationPortrait UIInterfaceOrientationLandscapeLeft UIInterfaceOrientationLandscapeRight";
				IPHONEOS_DEPLOYMENT_TARGET = 18.4;
				LD_RUNPATH_SEARCH_PATHS = "@executable_path/Frameworks";
				"LD_RUNPATH_SEARCH_PATHS[sdk=macosx*]" = "@executable_path/../Frameworks";
				MACOSX_DEPLOYMENT_TARGET = 15.3;
				MARKETING_VERSION = 1.0;
				PRODUCT_BUNDLE_IDENTIFIER = Com.boots.beauty;
				PRODUCT_NAME = "$(TARGET_NAME)";
				REGISTER_APP_GROUPS = YES;
				SDKROOT = auto;
				SUPPORTED_PLATFORMS = "iphoneos iphonesimulator macosx xros xrsimulator";
				SWIFT_EMIT_LOC_STRINGS = YES;
				SWIFT_VERSION = 5.0;
				TARGETED_DEVICE_FAMILY = "1,2,7";
				XROS_DEPLOYMENT_TARGET = 2.4;
			};
			name = Debug;
		};
		15CC0C482DDDE020005D646D /* Release */ = {
			isa = XCBuildConfiguration;
			buildSettings = {
				ASSETCATALOG_COMPILER_APPICON_NAME = AppIcon;
				ASSETCATALOG_COMPILER_GLOBAL_ACCENT_COLOR_NAME = AccentColor;
				CODE_SIGN_ENTITLEMENTS = Beuty/Beuty.entitlements;
				CODE_SIGN_STYLE = Automatic;
				CURRENT_PROJECT_VERSION = 1;
				ENABLE_PREVIEWS = YES;
				GENERATE_INFOPLIST_FILE = YES;
				INFOPLIST_FILE = Beuty/Info.plist;
				"INFOPLIST_KEY_UIApplicationSceneManifest_Generation[sdk=iphoneos*]" = YES;
				"INFOPLIST_KEY_UIApplicationSceneManifest_Generation[sdk=iphonesimulator*]" = YES;
				"INFOPLIST_KEY_UIApplicationSupportsIndirectInputEvents[sdk=iphoneos*]" = YES;
				"INFOPLIST_KEY_UIApplicationSupportsIndirectInputEvents[sdk=iphonesimulator*]" = YES;
				"INFOPLIST_KEY_UILaunchScreen_Generation[sdk=iphoneos*]" = YES;
				"INFOPLIST_KEY_UILaunchScreen_Generation[sdk=iphonesimulator*]" = YES;
				"INFOPLIST_KEY_UIStatusBarStyle[sdk=iphoneos*]" = UIStatusBarStyleDefault;
				"INFOPLIST_KEY_UIStatusBarStyle[sdk=iphonesimulator*]" = UIStatusBarStyleDefault;
				INFOPLIST_KEY_UISupportedInterfaceOrientations_iPad = "UIInterfaceOrientationPortrait UIInterfaceOrientationPortraitUpsideDown UIInterfaceOrientationLandscapeLeft UIInterfaceOrientationLandscapeRight";
				INFOPLIST_KEY_UISupportedInterfaceOrientations_iPhone = "UIInterfaceOrientationPortrait UIInterfaceOrientationLandscapeLeft UIInterfaceOrientationLandscapeRight";
				IPHONEOS_DEPLOYMENT_TARGET = 18.4;
				LD_RUNPATH_SEARCH_PATHS = "@executable_path/Frameworks";
				"LD_RUNPATH_SEARCH_PATHS[sdk=macosx*]" = "@executable_path/../Frameworks";
				MACOSX_DEPLOYMENT_TARGET = 15.3;
				MARKETING_VERSION = 1.0;
				PRODUCT_BUNDLE_IDENTIFIER = Com.boots.beauty;
				PRODUCT_NAME = "$(TARGET_NAME)";
				REGISTER_APP_GROUPS = YES;
				SDKROOT = auto;
				SUPPORTED_PLATFORMS = "iphoneos iphonesimulator macosx xros xrsimulator";
				SWIFT_EMIT_LOC_STRINGS = YES;
				SWIFT_VERSION = 5.0;
				TARGETED_DEVICE_FAMILY = "1,2,7";
				XROS_DEPLOYMENT_TARGET = 2.4;
			};
			name = Release;
		};
		15CC0C4A2DDDE020005D646D /* Debug */ = {
			isa = XCBuildConfiguration;
			buildSettings = {
				BUNDLE_LOADER = "$(TEST_HOST)";
				CODE_SIGN_STYLE = Automatic;
				CURRENT_PROJECT_VERSION = 1;
				GENERATE_INFOPLIST_FILE = YES;
				IPHONEOS_DEPLOYMENT_TARGET = 18.4;
				MACOSX_DEPLOYMENT_TARGET = 15.3;
				MARKETING_VERSION = 1.0;
				PRODUCT_BUNDLE_IDENTIFIER = Boots.BeutyTests;
				PRODUCT_NAME = "$(TARGET_NAME)";
				SDKROOT = auto;
				SUPPORTED_PLATFORMS = "iphoneos iphonesimulator macosx xros xrsimulator";
				SWIFT_EMIT_LOC_STRINGS = NO;
				SWIFT_VERSION = 5.0;
				TARGETED_DEVICE_FAMILY = "1,2,7";
				TEST_HOST = "$(BUILT_PRODUCTS_DIR)/Beuty.app/$(BUNDLE_EXECUTABLE_FOLDER_PATH)/Beuty";
				XROS_DEPLOYMENT_TARGET = 2.4;
			};
			name = Debug;
		};
		15CC0C4B2DDDE020005D646D /* Release */ = {
			isa = XCBuildConfiguration;
			buildSettings = {
				BUNDLE_LOADER = "$(TEST_HOST)";
				CODE_SIGN_STYLE = Automatic;
				CURRENT_PROJECT_VERSION = 1;
				GENERATE_INFOPLIST_FILE = YES;
				IPHONEOS_DEPLOYMENT_TARGET = 18.4;
				MACOSX_DEPLOYMENT_TARGET = 15.3;
				MARKETING_VERSION = 1.0;
				PRODUCT_BUNDLE_IDENTIFIER = Boots.BeutyTests;
				PRODUCT_NAME = "$(TARGET_NAME)";
				SDKROOT = auto;
				SUPPORTED_PLATFORMS = "iphoneos iphonesimulator macosx xros xrsimulator";
				SWIFT_EMIT_LOC_STRINGS = NO;
				SWIFT_VERSION = 5.0;
				TARGETED_DEVICE_FAMILY = "1,2,7";
				TEST_HOST = "$(BUILT_PRODUCTS_DIR)/Beuty.app/$(BUNDLE_EXECUTABLE_FOLDER_PATH)/Beuty";
				XROS_DEPLOYMENT_TARGET = 2.4;
			};
			name = Release;
		};
		15CC0C4D2DDDE020005D646D /* Debug */ = {
			isa = XCBuildConfiguration;
			buildSettings = {
				CODE_SIGN_STYLE = Automatic;
				CURRENT_PROJECT_VERSION = 1;
				GENERATE_INFOPLIST_FILE = YES;
				IPHONEOS_DEPLOYMENT_TARGET = 18.4;
				MACOSX_DEPLOYMENT_TARGET = 15.3;
				MARKETING_VERSION = 1.0;
				PRODUCT_BUNDLE_IDENTIFIER = Boots.BeutyUITests;
				PRODUCT_NAME = "$(TARGET_NAME)";
				SDKROOT = auto;
				SUPPORTED_PLATFORMS = "iphoneos iphonesimulator macosx xros xrsimulator";
				SWIFT_EMIT_LOC_STRINGS = NO;
				SWIFT_VERSION = 5.0;
				TARGETED_DEVICE_FAMILY = "1,2,7";
				TEST_TARGET_NAME = Beuty;
				XROS_DEPLOYMENT_TARGET = 2.4;
			};
			name = Debug;
		};
		15CC0C4E2DDDE020005D646D /* Release */ = {
			isa = XCBuildConfiguration;
			buildSettings = {
				CODE_SIGN_STYLE = Automatic;
				CURRENT_PROJECT_VERSION = 1;
				GENERATE_INFOPLIST_FILE = YES;
				IPHONEOS_DEPLOYMENT_TARGET = 18.4;
				MACOSX_DEPLOYMENT_TARGET = 15.3;
				MARKETING_VERSION = 1.0;
				PRODUCT_BUNDLE_IDENTIFIER = Boots.BeutyUITests;
				PRODUCT_NAME = "$(TARGET_NAME)";
				SDKROOT = auto;
				SUPPORTED_PLATFORMS = "iphoneos iphonesimulator macosx xros xrsimulator";
				SWIFT_EMIT_LOC_STRINGS = NO;
				SWIFT_VERSION = 5.0;
				TARGETED_DEVICE_FAMILY = "1,2,7";
				TEST_TARGET_NAME = Beuty;
				XROS_DEPLOYMENT_TARGET = 2.4;
			};
			name = Release;
		};
/* End XCBuildConfiguration section */

/* Begin XCConfigurationList section */
		15CC0C1F2DDDE01F005D646D /* Build configuration list for PBXProject "Beuty" */ = {
			isa = XCConfigurationList;
			buildConfigurations = (
				15CC0C442DDDE020005D646D /* Debug */,
				15CC0C452DDDE020005D646D /* Release */,
			);
			defaultConfigurationIsVisible = 0;
			defaultConfigurationName = Release;
		};
		15CC0C462DDDE020005D646D /* Build configuration list for PBXNativeTarget "Beuty" */ = {
			isa = XCConfigurationList;
			buildConfigurations = (
				15CC0C472DDDE020005D646D /* Debug */,
				15CC0C482DDDE020005D646D /* Release */,
			);
			defaultConfigurationIsVisible = 0;
			defaultConfigurationName = Release;
		};
		15CC0C492DDDE020005D646D /* Build configuration list for PBXNativeTarget "BeutyTests" */ = {
			isa = XCConfigurationList;
			buildConfigurations = (
				15CC0C4A2DDDE020005D646D /* Debug */,
				15CC0C4B2DDDE020005D646D /* Release */,
			);
			defaultConfigurationIsVisible = 0;
			defaultConfigurationName = Release;
		};
		15CC0C4C2DDDE020005D646D /* Build configuration list for PBXNativeTarget "BeutyUITests" */ = {
			isa = XCConfigurationList;
			buildConfigurations = (
				15CC0C4D2DDDE020005D646D /* Debug */,
				15CC0C4E2DDDE020005D646D /* Release */,
			);
			defaultConfigurationIsVisible = 0;
			defaultConfigurationName = Release;
		};
/* End XCConfigurationList section */

/* Begin XCRemoteSwiftPackageReference section */
		15379F1B2DE5D9280004845A /* XCRemoteSwiftPackageReference "firebase-ios-sdk" */ = {
			isa = XCRemoteSwiftPackageReference;
			repositoryURL = "https://github.com/firebase/firebase-ios-sdk";
			requirement = {
				kind = upToNextMajorVersion;
				minimumVersion = 11.13.0;
			};
		};
		15CC0C682DDDE536005D646D /* XCRemoteSwiftPackageReference "Alamofire" */ = {
			isa = XCRemoteSwiftPackageReference;
			repositoryURL = "https://github.com/Alamofire/Alamofire.git";
			requirement = {
				kind = upToNextMajorVersion;
				minimumVersion = 5.10.2;
			};
		};
		15CC0D912DDF3865005D646D /* XCRemoteSwiftPackageReference "SwiftKeychainWrapper" */ = {
			isa = XCRemoteSwiftPackageReference;
			repositoryURL = "https://github.com/jrendel/SwiftKeychainWrapper.git";
			requirement = {
				kind = upToNextMajorVersion;
				minimumVersion = 4.0.1;
			};
		};
/* End XCRemoteSwiftPackageReference section */

/* Begin XCSwiftPackageProductDependency section */
		15379F622DE5FBEC0004845A /* FirebaseAnalytics */ = {
			isa = XCSwiftPackageProductDependency;
			package = 15379F1B2DE5D9280004845A /* XCRemoteSwiftPackageReference "firebase-ios-sdk" */;
			productName = FirebaseAnalytics;
		};
		15379F642DE5FBEC0004845A /* FirebaseAppCheck */ = {
			isa = XCSwiftPackageProductDependency;
			package = 15379F1B2DE5D9280004845A /* XCRemoteSwiftPackageReference "firebase-ios-sdk" */;
			productName = FirebaseAppCheck;
		};
		15379F662DE5FBEC0004845A /* FirebaseAuth */ = {
			isa = XCSwiftPackageProductDependency;
			package = 15379F1B2DE5D9280004845A /* XCRemoteSwiftPackageReference "firebase-ios-sdk" */;
			productName = FirebaseAuth;
		};
		15379F682DE5FBEC0004845A /* FirebaseCore */ = {
			isa = XCSwiftPackageProductDependency;
			package = 15379F1B2DE5D9280004845A /* XCRemoteSwiftPackageReference "firebase-ios-sdk" */;
			productName = FirebaseCore;
		};
		15379F6A2DE5FBEC0004845A /* FirebaseCrashlytics */ = {
			isa = XCSwiftPackageProductDependency;
			package = 15379F1B2DE5D9280004845A /* XCRemoteSwiftPackageReference "firebase-ios-sdk" */;
			productName = FirebaseCrashlytics;
		};
		15379F6C2DE5FBEC0004845A /* FirebaseDatabase */ = {
			isa = XCSwiftPackageProductDependency;
			package = 15379F1B2DE5D9280004845A /* XCRemoteSwiftPackageReference "firebase-ios-sdk" */;
			productName = FirebaseDatabase;
		};
		15379F6E2DE5FBEC0004845A /* FirebaseDynamicLinks */ = {
			isa = XCSwiftPackageProductDependency;
			package = 15379F1B2DE5D9280004845A /* XCRemoteSwiftPackageReference "firebase-ios-sdk" */;
			productName = FirebaseDynamicLinks;
		};
		15379F702DE5FBEC0004845A /* FirebaseFirestore */ = {
			isa = XCSwiftPackageProductDependency;
			package = 15379F1B2DE5D9280004845A /* XCRemoteSwiftPackageReference "firebase-ios-sdk" */;
			productName = FirebaseFirestore;
		};
		15379F722DE5FBEC0004845A /* FirebaseFirestoreCombine-Community */ = {
			isa = XCSwiftPackageProductDependency;
			package = 15379F1B2DE5D9280004845A /* XCRemoteSwiftPackageReference "firebase-ios-sdk" */;
			productName = "FirebaseFirestoreCombine-Community";
		};
		15379F742DE5FBEC0004845A /* FirebaseFunctions */ = {
			isa = XCSwiftPackageProductDependency;
			package = 15379F1B2DE5D9280004845A /* XCRemoteSwiftPackageReference "firebase-ios-sdk" */;
			productName = FirebaseFunctions;
		};
		15379F762DE5FBEC0004845A /* FirebaseFunctionsCombine-Community */ = {
			isa = XCSwiftPackageProductDependency;
			package = 15379F1B2DE5D9280004845A /* XCRemoteSwiftPackageReference "firebase-ios-sdk" */;
			productName = "FirebaseFunctionsCombine-Community";
		};
		15379F782DE5FBEC0004845A /* FirebaseStorage */ = {
			isa = XCSwiftPackageProductDependency;
			package = 15379F1B2DE5D9280004845A /* XCRemoteSwiftPackageReference "firebase-ios-sdk" */;
			productName = FirebaseStorage;
		};
		15379F7A2DE5FBEC0004845A /* FirebaseStorageCombine-Community */ = {
			isa = XCSwiftPackageProductDependency;
			package = 15379F1B2DE5D9280004845A /* XCRemoteSwiftPackageReference "firebase-ios-sdk" */;
			productName = "FirebaseStorageCombine-Community";
		};
		15CC0C6A2DDDE542005D646D /* Alamofire */ = {
			isa = XCSwiftPackageProductDependency;
			package = 15CC0C682DDDE536005D646D /* XCRemoteSwiftPackageReference "Alamofire" */;
			productName = Alamofire;
		};
		15CC0D922DDF3872005D646D /* SwiftKeychainWrapper */ = {
			isa = XCSwiftPackageProductDependency;
			package = 15CC0D912DDF3865005D646D /* XCRemoteSwiftPackageReference "SwiftKeychainWrapper" */;
			productName = SwiftKeychainWrapper;
		};
/* End XCSwiftPackageProductDependency section */
	};
	rootObject = 15CC0C1C2DDDE01F005D646D /* Project object */;
}
